
Microsoft Visual Studio Solution File, Format Version 12.00
# Visual Studio Version 18
VisualStudioVersion = 18.0.11111.16
MinimumVisualStudioVersion = 10.0.40219.1
Project("{FAE04EC0-301F-11D3-BF4B-00C04F79EFBC}") = "WalnutDb", "WalnutDb\WalnutDb.csproj", "{9C375709-DF09-489B-A087-06D4575E18F9}"
EndProject
Project("{FAE04EC0-301F-11D3-BF4B-00C04F79EFBC}") = "WalnutDb.Tests", "WalnutDb.Tests\WalnutDb.Tests\WalnutDb.Tests.csproj", "{4013D61A-2E31-4F3F-A73E-7FC3029D3616}"
EndProject
Project("{FAE04EC0-301F-11D3-BF4B-00C04F79EFBC}") = "WalnutDb.Bench", "WalnutDb.Bench\WalnutDb.Bench.csproj", "{098AB45C-2980-42D6-A490-17E81B0B0ACE}"
EndProject
Project("{FAE04EC0-301F-11D3-BF4B-00C04F79EFBC}") = "WalnutDb.Tooling", "WalnutDb.Tooling\WalnutDb.Tooling.csproj", "{334D808F-B35D-48C5-BA74-3815C854C262}"
EndProject
Project("{FAE04EC0-301F-11D3-BF4B-00C04F79EFBC}") = "WalnutDb.Tests.V1", "WalnutDb.Tests\WalnutDb.Tests.V1\WalnutDb.Tests.V1.csproj", "{927DA2F1-9EE4-4A1C-9E9D-7E28A39D9401}"
EndProject
Project("{FAE04EC0-301F-11D3-BF4B-00C04F79EFBC}") = "WalnutDb.Tests.Migration", "WalnutDb.Tests\WalnutDb.Tests.Migration\WalnutDb.Tests.Migration.csproj", "{1F86B75E-9374-4B16-97E4-26482A88538A}"
EndProject
Project("{FAE04EC0-301F-11D3-BF4B-00C04F79EFBC}") = "WalnutDb.Tests.Safety", "WalnutDb.Tests\WalnutDb.Tests.Safety\WalnutDb.Tests.Safety.csproj", "{46376B2C-BB57-4336-B0FD-A7E74392869C}"
EndProject
Global
	GlobalSection(SolutionConfigurationPlatforms) = preSolution
		Debug|Any CPU = Debug|Any CPU
		Release|Any CPU = Release|Any CPU
	EndGlobalSection
	GlobalSection(ProjectConfigurationPlatforms) = postSolution
		{9C375709-DF09-489B-A087-06D4575E18F9}.Debug|Any CPU.ActiveCfg = Debug|Any CPU
		{9C375709-DF09-489B-A087-06D4575E18F9}.Debug|Any CPU.Build.0 = Debug|Any CPU
		{9C375709-DF09-489B-A087-06D4575E18F9}.Release|Any CPU.ActiveCfg = Release|Any CPU
		{9C375709-DF09-489B-A087-06D4575E18F9}.Release|Any CPU.Build.0 = Release|Any CPU
		{4013D61A-2E31-4F3F-A73E-7FC3029D3616}.Debug|Any CPU.ActiveCfg = Debug|Any CPU
		{4013D61A-2E31-4F3F-A73E-7FC3029D3616}.Debug|Any CPU.Build.0 = Debug|Any CPU
		{4013D61A-2E31-4F3F-A73E-7FC3029D3616}.Release|Any CPU.ActiveCfg = Release|Any CPU
		{4013D61A-2E31-4F3F-A73E-7FC3029D3616}.Release|Any CPU.Build.0 = Release|Any CPU
		{098AB45C-2980-42D6-A490-17E81B0B0ACE}.Debug|Any CPU.ActiveCfg = Debug|Any CPU
		{098AB45C-2980-42D6-A490-17E81B0B0ACE}.Release|Any CPU.ActiveCfg = Release|Any CPU
		{098AB45C-2980-42D6-A490-17E81B0B0ACE}.Release|Any CPU.Build.0 = Release|Any CPU
		{334D808F-B35D-48C5-BA74-3815C854C262}.Debug|Any CPU.ActiveCfg = Debug|Any CPU
		{334D808F-B35D-48C5-BA74-3815C854C262}.Debug|Any CPU.Build.0 = Debug|Any CPU
		{334D808F-B35D-48C5-BA74-3815C854C262}.Release|Any CPU.ActiveCfg = Release|Any CPU
		{334D808F-B35D-48C5-BA74-3815C854C262}.Release|Any CPU.Build.0 = Release|Any CPU
		{927DA2F1-9EE4-4A1C-9E9D-7E28A39D9401}.Debug|Any CPU.ActiveCfg = Debug|Any CPU
		{927DA2F1-9EE4-4A1C-9E9D-7E28A39D9401}.Debug|Any CPU.Build.0 = Debug|Any CPU
		{927DA2F1-9EE4-4A1C-9E9D-7E28A39D9401}.Release|Any CPU.ActiveCfg = Release|Any CPU
		{927DA2F1-9EE4-4A1C-9E9D-7E28A39D9401}.Release|Any CPU.Build.0 = Release|Any CPU
		{1F86B75E-9374-4B16-97E4-26482A88538A}.Debug|Any CPU.ActiveCfg = Debug|Any CPU
		{1F86B75E-9374-4B16-97E4-26482A88538A}.Debug|Any CPU.Build.0 = Debug|Any CPU
		{1F86B75E-9374-4B16-97E4-26482A88538A}.Release|Any CPU.ActiveCfg = Release|Any CPU
		{1F86B75E-9374-4B16-97E4-26482A88538A}.Release|Any CPU.Build.0 = Release|Any CPU
		{46376B2C-BB57-4336-B0FD-A7E74392869C}.Debug|Any CPU.ActiveCfg = Debug|Any CPU
		{46376B2C-BB57-4336-B0FD-A7E74392869C}.Debug|Any CPU.Build.0 = Debug|Any CPU
		{46376B2C-BB57-4336-B0FD-A7E74392869C}.Release|Any CPU.ActiveCfg = Release|Any CPU
		{46376B2C-BB57-4336-B0FD-A7E74392869C}.Release|Any CPU.Build.0 = Release|Any CPU
	EndGlobalSection
	GlobalSection(SolutionProperties) = preSolution
		HideSolutionNode = FALSE
	EndGlobalSection
	GlobalSection(ExtensibilityGlobals) = postSolution
		SolutionGuid = {4907DDC9-92B9-4238-95FF-83D77A21A4A5}
	EndGlobalSection
EndGlobal
